
Microsoft Visual Studio Solution File, Format Version 12.00
# Visual Studio 15
VisualStudioVersion = 15.0.27130.2036
MinimumVisualStudioVersion = 10.0.40219.1
Project("{FAE04EC0-301F-11D3-BF4B-00C04F79EFBC}") = "Football-Insider", "Football-Insider\Football-Insider.csproj", "{8426DD79-C413-40C5-A3C5-4A6F547D212F}"
EndProject
Project("{FAE04EC0-301F-11D3-BF4B-00C04F79EFBC}") = "DAL", "DAL\DAL.csproj", "{26AB5F99-3159-4F9E-86C1-33A87AC46E1C}"
EndProject
Project("{FAE04EC0-301F-11D3-BF4B-00C04F79EFBC}") = "MDL", "MDL\MDL.csproj", "{0A7CF7EE-E6FE-4E56-85BD-66AA60165364}"
EndProject
Project("{FAE04EC0-301F-11D3-BF4B-00C04F79EFBC}") = "BLL", "BLL\BLL.csproj", "{3964D795-E662-4B52-9DA3-32B5A5568179}"
EndProject
Global
	GlobalSection(SolutionConfigurationPlatforms) = preSolution
		Debug|Any CPU = Debug|Any CPU
		Release|Any CPU = Release|Any CPU
	EndGlobalSection
	GlobalSection(ProjectConfigurationPlatforms) = postSolution
		{8426DD79-C413-40C5-A3C5-4A6F547D212F}.Debug|Any CPU.ActiveCfg = Debug|Any CPU
		{8426DD79-C413-40C5-A3C5-4A6F547D212F}.Debug|Any CPU.Build.0 = Debug|Any CPU
		{8426DD79-C413-40C5-A3C5-4A6F547D212F}.Release|Any CPU.ActiveCfg = Release|Any CPU
		{8426DD79-C413-40C5-A3C5-4A6F547D212F}.Release|Any CPU.Build.0 = Release|Any CPU
		{26AB5F99-3159-4F9E-86C1-33A87AC46E1C}.Debug|Any CPU.ActiveCfg = Debug|Any CPU
		{26AB5F99-3159-4F9E-86C1-33A87AC46E1C}.Debug|Any CPU.Build.0 = Debug|Any CPU
		{26AB5F99-3159-4F9E-86C1-33A87AC46E1C}.Release|Any CPU.ActiveCfg = Release|Any CPU
		{26AB5F99-3159-4F9E-86C1-33A87AC46E1C}.Release|Any CPU.Build.0 = Release|Any CPU
		{0A7CF7EE-E6FE-4E56-85BD-66AA60165364}.Debug|Any CPU.ActiveCfg = Debug|Any CPU
		{0A7CF7EE-E6FE-4E56-85BD-66AA60165364}.Debug|Any CPU.Build.0 = Debug|Any CPU
		{0A7CF7EE-E6FE-4E56-85BD-66AA60165364}.Release|Any CPU.ActiveCfg = Release|Any CPU
		{0A7CF7EE-E6FE-4E56-85BD-66AA60165364}.Release|Any CPU.Build.0 = Release|Any CPU
		{3964D795-E662-4B52-9DA3-32B5A5568179}.Debug|Any CPU.ActiveCfg = Debug|Any CPU
		{3964D795-E662-4B52-9DA3-32B5A5568179}.Debug|Any CPU.Build.0 = Debug|Any CPU
		{3964D795-E662-4B52-9DA3-32B5A5568179}.Release|Any CPU.ActiveCfg = Release|Any CPU
		{3964D795-E662-4B52-9DA3-32B5A5568179}.Release|Any CPU.Build.0 = Release|Any CPU
	EndGlobalSection
	GlobalSection(SolutionProperties) = preSolution
		HideSolutionNode = FALSE
	EndGlobalSection
	GlobalSection(ExtensibilityGlobals) = postSolution
		SolutionGuid = {10E66FDD-89FF-4487-B751-05E78269AEE4}
	EndGlobalSection
EndGlobal
